
Microsoft Visual Studio Solution File, Format Version 12.00
# Visual Studio 15
VisualStudioVersion = 15.0.27703.2042
MinimumVisualStudioVersion = 10.0.40219.1
Project("{9A19103F-16F7-4668-BE54-9A1E7A4F7556}") = "WxWebApi", "WxWebApi.csproj", "{DF823930-C85C-471B-BB83-DBAE5DEBF579}"
EndProject
Global
	GlobalSection(SolutionConfigurationPlatforms) = preSolution
		Debug|Any CPU = Debug|Any CPU
		Release|Any CPU = Release|Any CPU
	EndGlobalSection
	GlobalSection(ProjectConfigurationPlatforms) = postSolution
		{DF823930-C85C-471B-BB83-DBAE5DEBF579}.Debug|Any CPU.ActiveCfg = Debug|Any CPU
		{DF823930-C85C-471B-BB83-DBAE5DEBF579}.Debug|Any CPU.Build.0 = Debug|Any CPU
		{DF823930-C85C-471B-BB83-DBAE5DEBF579}.Release|Any CPU.ActiveCfg = Release|Any CPU
		{DF823930-C85C-471B-BB83-DBAE5DEBF579}.Release|Any CPU.Build.0 = Release|Any CPU
	EndGlobalSection
	GlobalSection(SolutionProperties) = preSolution
		HideSolutionNode = FALSE
	EndGlobalSection
	GlobalSection(ExtensibilityGlobals) = postSolution
		SolutionGuid = {0A25C6E6-887E-4D31-B1C5-C69C926B6B2E}
	EndGlobalSection
EndGlobal
